
Microsoft Visual Studio Solution File, Format Version 12.00
# Visual Studio Version 17
VisualStudioVersion = 17.0.32014.148
MinimumVisualStudioVersion = 10.0.40219.1
Project("{FAE04EC0-301F-11D3-BF4B-00C04F79EFBC}") = "Dashboard", "Dashboard\Dashboard.csproj", "{49C7C996-ED0F-4106-80F8-0F1AAC1F1BF4}"
EndProject
Global
	GlobalSection(SolutionConfigurationPlatforms) = preSolution
		Debug|Any CPU = Debug|Any CPU
		Release|Any CPU = Release|Any CPU
	EndGlobalSection
	GlobalSection(ProjectConfigurationPlatforms) = postSolution
		{49C7C996-ED0F-4106-80F8-0F1AAC1F1BF4}.Debug|Any CPU.ActiveCfg = Debug|Any CPU
		{49C7C996-ED0F-4106-80F8-0F1AAC1F1BF4}.Debug|Any CPU.Build.0 = Debug|Any CPU
		{49C7C996-ED0F-4106-80F8-0F1AAC1F1BF4}.Release|Any CPU.ActiveCfg = Release|Any CPU
		{49C7C996-ED0F-4106-80F8-0F1AAC1F1BF4}.Release|Any CPU.Build.0 = Release|Any CPU
	EndGlobalSection
	GlobalSection(SolutionProperties) = preSolution
		HideSolutionNode = FALSE
	EndGlobalSection
	GlobalSection(ExtensibilityGlobals) = postSolution
		SolutionGuid = {58606D41-0DF7-4614-B6DB-CE717A03745E}
	EndGlobalSection
EndGlobal
